Microsoft Visual Studio Solution File, Format Version 11.00
# Visual Studio 2008

Project("{6D419758-935E-D815-EB35-D1BB923D2C80}") = "チュートリアル", "Assembly-CSharp.csproj", "{3BF20198-B61F-CD10-FE96-0E0A76E82DAF}"
EndProject
Global
	GlobalSection(SolutionConfigurationPlatforms) = preSolution
		Debug|Any CPU = Debug|Any CPU
		Release|Any CPU = Release|Any CPU
	EndGlobalSection
	GlobalSection(ProjectConfigurationPlatforms) = postSolution
		{3BF20198-B61F-CD10-FE96-0E0A76E82DAF}.Debug|Any CPU.ActiveCfg = Debug|Any CPU
		{3BF20198-B61F-CD10-FE96-0E0A76E82DAF}.Debug|Any CPU.Build.0 = Debug|Any CPU
		{3BF20198-B61F-CD10-FE96-0E0A76E82DAF}.Release|Any CPU.ActiveCfg = Release|Any CPU
		{3BF20198-B61F-CD10-FE96-0E0A76E82DAF}.Release|Any CPU.Build.0 = Release|Any CPU
	EndGlobalSection
	GlobalSection(SolutionProperties) = preSolution
		HideSolutionNode = FALSE
	EndGlobalSection
	GlobalSection(MonoDevelopProperties) = preSolution
		StartupItem = Assembly-CSharp.csproj
	EndGlobalSection
EndGlobal
